PODS:
  - Spring (1.0.6)

DEPENDENCIES:
  - Spring (from `https://github.com/LexDeBash/Spring.git`)

EXTERNAL SOURCES:
  Spring:
    :git: https://github.com/LexDeBash/Spring.git

CHECKOUT OPTIONS:
  Spring:
    :commit: 05fa00fbbec7167ab1d333ced8b22871a9c179c5
    :git: https://github.com/LexDeBash/Spring.git

SPEC CHECKSUMS:
  Spring: 3d113f14575ef79aec9c5f906dfa4f5001c03254

PODFILE CHECKSUM: 3fde7959ba67081136f7ae971e04fec176a8cf05

COCOAPODS: 1.10.1
